
Microsoft Visual Studio Solution File, Format Version 12.00
# Visual Studio 15
VisualStudioVersion = 15.0.28307.168
MinimumVisualStudioVersion = 10.0.40219.1
Project("{FAE04EC0-301F-11D3-BF4B-00C04F79EFBC}") = "redirector", "redirector\redirector.csproj", "{78AB0447-9443-46B0-BA85-93677B835F3B}"
EndProject
Global
	GlobalSection(SolutionConfigurationPlatforms) = preSolution
		Debug|Any CPU = Debug|Any CPU
		Release|Any CPU = Release|Any CPU
	EndGlobalSection
	GlobalSection(ProjectConfigurationPlatforms) = postSolution
		{78AB0447-9443-46B0-BA85-93677B835F3B}.Debug|Any CPU.ActiveCfg = Debug|Any CPU
		{78AB0447-9443-46B0-BA85-93677B835F3B}.Debug|Any CPU.Build.0 = Debug|Any CPU
		{78AB0447-9443-46B0-BA85-93677B835F3B}.Release|Any CPU.ActiveCfg = Release|Any CPU
		{78AB0447-9443-46B0-BA85-93677B835F3B}.Release|Any CPU.Build.0 = Release|Any CPU
	EndGlobalSection
	GlobalSection(SolutionProperties) = preSolution
		HideSolutionNode = FALSE
	EndGlobalSection
	GlobalSection(ExtensibilityGlobals) = postSolution
		SolutionGuid = {FC6169F6-ED57-4210-9350-BF3599C23F7E}
	EndGlobalSection
EndGlobal
